<Solution>
  <Folder Name="/solution files/">
    <File Path="README.md" />
  </Folder>
  <Project Path="PrintConnect.Adapter.PrusaLink/PrintConnect.Adapter.PrusaLink.csproj" />
  <Project Path="PrintConnect.Adapter/PrintConnect.Adapter.csproj" />
  <Project Path="PrintConnect.Application/PrintConnect.Application.csproj" />
  <Project Path="PrintConnect.Client\PrintConnect.Client.csproj" />
  <Project Path="PrintConnect.Data.Postgres/PrintConnect.Data.Postgres.csproj" />
  <Project Path="PrintConnect.Data/PrintConnect.Data.csproj" />
  <Project Path="PrintConnect.Domain/PrintConnect.Domain.csproj" />
  <Project Path="PrintConnect.Server\PrintConnect.Server.csproj" />
  
</Solution>
